
Microsoft Visual Studio Solution File, Format Version 12.00
# Visual Studio 14
VisualStudioVersion = 14.0.24720.0
MinimumVisualStudioVersion = 10.0.40219.1
Project("{2150E333-8FDC-42A3-9474-1A3956D46DE8}") = "src", "src", "{B92F9ECD-F00A-4404-8AF9-31E31896B042}"
EndProject
Project("{2150E333-8FDC-42A3-9474-1A3956D46DE8}") = "Solution Items", "Solution Items", "{EAB7BB9E-29E6-49C2-999F-9041C7F2E98E}"
	ProjectSection(SolutionItems) = preProject
		.gitignore = .gitignore
		global.json = global.json
	EndProjectSection
EndProject
Project("{8BB2217D-0F2D-49D1-97BC-3654ED321F3B}") = "SongTracker", "src\SongTracker\SongTracker.xproj", "{5B356488-947F-460E-9250-7521B5FFF909}"
EndProject
Project("{FAE04EC0-301F-11D3-BF4B-00C04F79EFBC}") = "Conversion", "Conversion\Conversion.csproj", "{8BD60A8F-8EAA-4574-B2F5-8AC7A9F8289F}"
EndProject
Global
	GlobalSection(SolutionConfigurationPlatforms) = preSolution
		Debug|Any CPU = Debug|Any CPU
		Release|Any CPU = Release|Any CPU
	EndGlobalSection
	GlobalSection(ProjectConfigurationPlatforms) = postSolution
		{5B356488-947F-460E-9250-7521B5FFF909}.Debug|Any CPU.ActiveCfg = Debug|Any CPU
		{5B356488-947F-460E-9250-7521B5FFF909}.Debug|Any CPU.Build.0 = Debug|Any CPU
		{5B356488-947F-460E-9250-7521B5FFF909}.Release|Any CPU.ActiveCfg = Release|Any CPU
		{5B356488-947F-460E-9250-7521B5FFF909}.Release|Any CPU.Build.0 = Release|Any CPU
		{8BD60A8F-8EAA-4574-B2F5-8AC7A9F8289F}.Debug|Any CPU.ActiveCfg = Debug|Any CPU
		{8BD60A8F-8EAA-4574-B2F5-8AC7A9F8289F}.Debug|Any CPU.Build.0 = Debug|Any CPU
		{8BD60A8F-8EAA-4574-B2F5-8AC7A9F8289F}.Release|Any CPU.ActiveCfg = Release|Any CPU
		{8BD60A8F-8EAA-4574-B2F5-8AC7A9F8289F}.Release|Any CPU.Build.0 = Release|Any CPU
	EndGlobalSection
	GlobalSection(SolutionProperties) = preSolution
		HideSolutionNode = FALSE
	EndGlobalSection
	GlobalSection(NestedProjects) = preSolution
		{5B356488-947F-460E-9250-7521B5FFF909} = {B92F9ECD-F00A-4404-8AF9-31E31896B042}
	EndGlobalSection
EndGlobal
